
Microsoft Visual Studio Solution File, Format Version 12.00
# Visual Studio 15
Project("{FAE04EC0-301F-11D3-BF4B-00C04F79EFBC}") = "Movies.API", "Movies.API\Movies.API.csproj", "{C99EE96D-E004-4325-AA25-D9C066ACB5CC}"
EndProject
Project("{FAE04EC0-301F-11D3-BF4B-00C04F79EFBC}") = "Movies.UnitTests", "Movies.UnitTests\Movies.UnitTests.csproj", "{02535F9D-99E1-4278-BED1-C67A9BE35821}"
EndProject
Global
	GlobalSection(SolutionConfigurationPlatforms) = preSolution
		Debug|Any CPU = Debug|Any CPU
		Release|Any CPU = Release|Any CPU
	EndGlobalSection
	GlobalSection(ProjectConfigurationPlatforms) = postSolution
		{C99EE96D-E004-4325-AA25-D9C066ACB5CC}.Debug|Any CPU.ActiveCfg = Debug|Any CPU
		{C99EE96D-E004-4325-AA25-D9C066ACB5CC}.Debug|Any CPU.Build.0 = Debug|Any CPU
		{C99EE96D-E004-4325-AA25-D9C066ACB5CC}.Release|Any CPU.ActiveCfg = Release|Any CPU
		{C99EE96D-E004-4325-AA25-D9C066ACB5CC}.Release|Any CPU.Build.0 = Release|Any CPU
		{02535F9D-99E1-4278-BED1-C67A9BE35821}.Debug|Any CPU.ActiveCfg = Debug|Any CPU
		{02535F9D-99E1-4278-BED1-C67A9BE35821}.Debug|Any CPU.Build.0 = Debug|Any CPU
		{02535F9D-99E1-4278-BED1-C67A9BE35821}.Release|Any CPU.ActiveCfg = Release|Any CPU
		{02535F9D-99E1-4278-BED1-C67A9BE35821}.Release|Any CPU.Build.0 = Release|Any CPU
	EndGlobalSection
EndGlobal
